// !$*UTF8*$!
{
	archiveVersion = 1;
	classes = {
	};
	objectVersion = 46;
	objects = {

/* Begin PBXBuildFile section */
		57788B0F1C1B14170087C467 /* main.m in Sources */ = {isa = PBXBuildFile; fileRef = 57788B0E1C1B14170087C467 /* main.m */; };
		57788B121C1B14170087C467 /* AppDelegate.m in Sources */ = {isa = PBXBuildFile; fileRef = 57788B111C1B14170087C467 /* AppDelegate.m */; };
		57788B151C1B14170087C467 /* ViewController.m in Sources */ = {isa = PBXBuildFile; fileRef = 57788B141C1B14170087C467 /* ViewController.m */; };
		57788B181C1B14170087C467 /* Main.storyboard in Resources */ = {isa = PBXBuildFile; fileRef = 57788B161C1B14170087C467 /* Main.storyboard */; };
		57788B1A1C1B14170087C467 /* Assets.xcassets in Resources */ = {isa = PBXBuildFile; fileRef = 57788B191C1B14170087C467 /* Assets.xcassets */; };
		57788B1D1C1B14170087C467 /* LaunchScreen.storyboard in Resources */ = {isa = PBXBuildFile; fileRef = 57788B1B1C1B14170087C467 /* LaunchScreen.storyboard */; };
/* End PBXBuildFile section */

/* Begin PBXFileReference section */
		57788B0A1C1B14160087C467 /* iOS_SN_Animation.app */ = {isa = PBXFileReference; explicitFileType = wrapper.application; includeInIndex = 0; path = iOS_SN_Animation.app; sourceTree = BUILT_PRODUCTS_DIR; };
		57788B0E1C1B14170087C467 /* main.m */ = {isa = PBXFileReference; lastKnownFileType = sourcecode.c.objc; path = main.m; sourceTree = "<group>"; };
		57788B101C1B14170087C467 /* AppDelegate.h */ = {isa = PBXFileReference; lastKnownFileType = sourcecode.c.h; path = AppDelegate.h; sourceTree = "<group>"; };
		57788B111C1B14170087C467 /* AppDelegate.m */ = {isa = PBXFileReference; lastKnownFileType = sourcecode.c.objc; path = AppDelegate.m; sourceTree = "<group>"; };
		57788B131C1B14170087C467 /* ViewController.h */ = {isa = PBXFileReference; lastKnownFileType = sourcecode.c.h; path = ViewController.h; sourceTree = "<group>"; };
		57788B141C1B14170087C467 /* ViewController.m */ = {isa = PBXFileReference; lastKnownFileType = sourcecode.c.objc; path = ViewController.m; sourceTree = "<group>"; };
		57788B171C1B14170087C467 /* Base */ = {isa = PBXFileReference; lastKnownFileType = file.storyboard; name = Base; path = Base.lproj/Main.storyboard; sourceTree = "<group>"; };
		57788B191C1B14170087C467 /* Assets.xcassets */ = {isa = PBXFileReference; lastKnownFileType = folder.assetcatalog; path = Assets.xcassets; sourceTree = "<group>"; };
		57788B1C1C1B14170087C467 /* Base */ = {isa = PBXFileReference; lastKnownFileType = file.storyboard; name = Base; path = Base.lproj/LaunchScreen.storyboard; sourceTree = "<group>"; };
		57788B1E1C1B14170087C467 /* Info.plist */ = {isa = PBXFileReference; lastKnownFileType = text.plist.xml; path = Info.plist; sourceTree = "<group>"; };
/* End PBXFileReference section */

/* Begin PBXFrameworksBuildPhase section */
		57788B071C1B14160087C467 /* Frameworks */ = {
			isa = PBXFrameworksBuildPhase;
			buildActionMask = 2147483647;
			files = (
			);
			runOnlyForDeploymentPostprocessing = 0;
		};
/* End PBXFrameworksBuildPhase section */

/* Begin PBXGroup section */
		57788B011C1B14150087C467 = {
			isa = PBXGroup;
			children = (
				57788B0C1C1B14160087C467 /* iOS_SN_Animation */,
				57788B0B1C1B14160087C467 /* Products */,
			);
			sourceTree = "<group>";
		};
		57788B0B1C1B14160087C467 /* Products */ = {
			isa = PBXGroup;
			children = (
				57788B0A1C1B14160087C467 /* iOS_SN_Animation.app */,
			);
			name = Products;
			sourceTree = "<group>";
		};
		57788B0C1C1B14160087C467 /* iOS_SN_Animation */ = {
			isa = PBXGroup;
			children = (
				57788B101C1B14170087C467 /* AppDelegate.h */,
				57788B111C1B14170087C467 /* AppDelegate.m */,
				57788B131C1B14170087C467 /* ViewController.h */,
				57788B141C1B14170087C467 /* ViewController.m */,
				57788B161C1B14170087C467 /* Main.storyboard */,
				57788B191C1B14170087C467 /* Assets.xcassets */,
				57788B1B1C1B14170087C467 /* LaunchScreen.storyboard */,
				57788B1E1C1B14170087C467 /* Info.plist */,
				57788B0D1C1B14170087C467 /* Supporting Files */,
			);
			path = iOS_SN_Animation;
			sourceTree = "<group>";
		};
		57788B0D1C1B14170087C467 /* Supporting Files */ = {
			isa = PBXGroup;
			children = (
				57788B0E1C1B14170087C467 /* main.m */,
			);
			name = "Supporting Files";
			sourceTree = "<group>";
		};
/* End PBXGroup section */

/* Begin PBXNativeTarget section */
		57788B091C1B14160087C467 /* iOS_SN_Animation */ = {
			isa = PBXNativeTarget;
			buildConfigurationList = 57788B211C1B14170087C467 /* Build configuration list for PBXNativeTarget "iOS_SN_Animation" */;
			buildPhases = (
				57788B061C1B14160087C467 /* Sources */,
				57788B071C1B14160087C467 /* Frameworks */,
				57788B081C1B14160087C467 /* Resources */,
			);
			buildRules = (
			);
			dependencies = (
			);
			name = iOS_SN_Animation;
			productName = iOS_SN_Animation;
			productReference = 57788B0A1C1B14160087C467 /* iOS_SN_Animation.app */;
			productType = "com.apple.product-type.application";
		};
/* End PBXNativeTarget section */

/* Begin PBXProject section */
		57788B021C1B14160087C467 /* Project object */ = {
			isa = PBXProject;
			attributes = {
				LastUpgradeCheck = 0710;
				ORGANIZATIONNAME = kiwi;
				TargetAttributes = {
					57788B091C1B14160087C467 = {
						CreatedOnToolsVersion = 7.1;
					};
				};
			};
			buildConfigurationList = 57788B051C1B14160087C467 /* Build configuration list for PBXProject "iOS_SN_Animation" */;
			compatibilityVersion = "Xcode 3.2";
			developmentRegion = English;
			hasScannedForEncodings = 0;
			knownRegions = (
				en,
				Base,
			);
			mainGroup = 57788B011C1B14150087C467;
			productRefGroup = 57788B0B1C1B14160087C467 /* Products */;
			projectDirPath = "";
			projectRoot = "";
			targets = (
				57788B091C1B14160087C467 /* iOS_SN_Animation */,
			);
		};
/* End PBXProject section */

/* Begin PBXResourcesBuildPhase section */
		57788B081C1B14160087C467 /* Resources */ = {
			isa = PBXResourcesBuildPhase;
			buildActionMask = 2147483647;
			files = (
				57788B1D1C1B14170087C467 /* LaunchScreen.storyboard in Resources */,
				57788B1A1C1B14170087C467 /* Assets.xcassets in Resources */,
				57788B181C1B14170087C467 /* Main.storyboard in Resources */,
			);
			runOnlyForDeploymentPostprocessing = 0;
		};
/* End PBXResourcesBuildPhase section */

/* Begin PBXSourcesBuildPhase section */
		57788B061C1B14160087C467 /* Sources */ = {
			isa = PBXSourcesBuildPhase;
			buildActionMask = 2147483647;
			files = (
				57788B151C1B14170087C467 /* ViewController.m in Sources */,
				57788B121C1B14170087C467 /* AppDelegate.m in Sources */,
				57788B0F1C1B14170087C467 /* main.m in Sources */,
			);
			runOnlyForDeploymentPostprocessing = 0;
		};
/* End PBXSourcesBuildPhase section */

/* Begin PBXVariantGroup section */
		57788B161C1B14170087C467 /* Main.storyboard */ = {
			isa = PBXVariantGroup;
			children = (
				57788B171C1B14170087C467 /* Base */,
			);
			name = Main.storyboard;
			sourceTree = "<group>";
		};
		57788B1B1C1B14170087C467 /* LaunchScreen.storyboard */ = {
			isa = PBXVariantGroup;
			children = (
				57788B1C1C1B14170087C467 /* Base */,
			);
			name = LaunchScreen.storyboard;
			sourceTree = "<group>";
		};
/* End PBXVariantGroup section */

/* Begin XCBuildConfiguration section */
		57788B1F1C1B14170087C467 /* Debug */ = {
			isa = XCBuildConfiguration;
			buildSettings = {
				ALWAYS_SEARCH_USER_PATHS = NO;
				CLANG_CXX_LANGUAGE_STANDARD = "gnu++0x";
				CLANG_CXX_LIBRARY = "libc++";
				CLANG_ENABLE_MODULES = YES;
				CLANG_ENABLE_OBJC_ARC = YES;
				CLANG_WARN_BOOL_CONVERSION = YES;
				CLANG_WARN_CONSTANT_CONVERSION = YES;
				CLANG_WARN_DIRECT_OBJC_ISA_USAGE = YES_ERROR;
				CLANG_WARN_EMPTY_BODY = YES;
				CLANG_WARN_ENUM_CONVERSION = YES;
				CLANG_WARN_INT_CONVERSION = YES;
				CLANG_WARN_OBJC_ROOT_CLASS = YES_ERROR;
				CLANG_WARN_UNREACHABLE_CODE = YES;
				CLANG_WARN__DUPLICATE_METHOD_MATCH = YES;
				"CODE_SIGN_IDENTITY[sdk=iphoneos*]" = "iPhone Developer";
				COPY_PHASE_STRIP = NO;
				DEBUG_INFORMATION_FORMAT = dwarf;
				ENABLE_STRICT_OBJC_MSGSEND = YES;
				ENABLE_TESTABILITY = YES;
				GCC_C_LANGUAGE_STANDARD = gnu99;
				GCC_DYNAMIC_NO_PIC = NO;
				GCC_NO_COMMON_BLOCKS = YES;
				GCC_OPTIMIZATION_LEVEL = 0;
				GCC_PREPROCESSOR_DEFINITIONS = (
					"DEBUG=1",
					"$(inherited)",
				);
				GCC_WARN_64_TO_32_BIT_CONVERSION = YES;
				GCC_WARN_ABOUT_RETURN_TYPE = YES_ERROR;
				GCC_WARN_UNDECLARED_SELECTOR = YES;
				GCC_WARN_UNINITIALIZED_AUTOS = YES_AGGRESSIVE;
				GCC_WARN_UNUSED_FUNCTION = YES;
				GCC_WARN_UNUSED_VARIABLE = YES;
				IPHONEOS_DEPLOYMENT_TARGET = 9.1;
				MTL_ENABLE_DEBUG_INFO = YES;
				ONLY_ACTIVE_ARCH = YES;
				SDKROOT = iphoneos;
			};
			name = Debug;
		};
		57788B201C1B14170087C467 /* Release */ = {
			isa = XCBuildConfiguration;
			buildSettings = {
				ALWAYS_SEARCH_USER_PATHS = NO;
				CLANG_CXX_LANGUAGE_STANDARD = "gnu++0x";
				CLANG_CXX_LIBRARY = "libc++";
				CLANG_ENABLE_MODULES = YES;
				CLANG_ENABLE_OBJC_ARC = YES;
				CLANG_WARN_BOOL_CONVERSION = YES;
				CLANG_WARN_CONSTANT_CONVERSION = YES;
				CLANG_WARN_DIRECT_OBJC_ISA_USAGE = YES_ERROR;
				CLANG_WARN_EMPTY_BODY = YES;
				CLANG_WARN_ENUM_CONVERSION = YES;
				CLANG_WARN_INT_CONVERSION = YES;
				CLANG_WARN_OBJC_ROOT_CLASS = YES_ERROR;
				CLANG_WARN_UNREACHABLE_CODE = YES;
				CLANG_WARN__DUPLICATE_METHOD_MATCH = YES;
				"CODE_SIGN_IDENTITY[sdk=iphoneos*]" = "iPhone Developer";
				COPY_PHASE_STRIP = NO;
				DEBUG_INFORMATION_FORMAT = "dwarf-with-dsym";
				ENABLE_NS_ASSERTIONS = NO;
				ENABLE_STRICT_OBJC_MSGSEND = YES;
				GCC_C_LANGUAGE_STANDARD = gnu99;
				GCC_NO_COMMON_BLOCKS = YES;
				GCC_WARN_64_TO_32_BIT_CONVERSION = YES;
				GCC_WARN_ABOUT_RETURN_TYPE = YES_ERROR;
				GCC_WARN_UNDECLARED_SELECTOR = YES;
				GCC_WARN_UNINITIALIZED_AUTOS = YES_AGGRESSIVE;
				GCC_WARN_UNUSED_FUNCTION = YES;
				GCC_WARN_UNUSED_VARIABLE = YES;
				IPHONEOS_DEPLOYMENT_TARGET = 9.1;
				MTL_ENABLE_DEBUG_INFO = NO;
				SDKROOT = iphoneos;
				VALIDATE_PRODUCT = YES;
			};
			name = Release;
		};
		57788B221C1B14170087C467 /* Debug */ = {
			isa = XCBuildConfiguration;
			buildSettings = {
				ASSETCATALOG_COMPILER_APPICON_NAME = AppIcon;
				INFOPLIST_FILE = iOS_SN_Animation/Info.plist;
				LD_RUNPATH_SEARCH_PATHS = "$(inherited) @executable_path/Frameworks";
				PRODUCT_BUNDLE_IDENTIFIER = "zhang.iOS-SN-Animation";
				PRODUCT_NAME = "$(TARGET_NAME)";
			};
			name = Debug;
		};
		57788B231C1B14170087C467 /* Release */ = {
			isa = XCBuildConfiguration;
			buildSettings = {
				ASSETCATALOG_COMPILER_APPICON_NAME = AppIcon;
				INFOPLIST_FILE = iOS_SN_Animation/Info.plist;
				LD_RUNPATH_SEARCH_PATHS = "$(inherited) @executable_path/Frameworks";
				PRODUCT_BUNDLE_IDENTIFIER = "zhang.iOS-SN-Animation";
				PRODUCT_NAME = "$(TARGET_NAME)";
			};
			name = Release;
		};
/* End XCBuildConfiguration section */

/* Begin XCConfigurationList section */
		57788B051C1B14160087C467 /* Build configuration list for PBXProject "iOS_SN_Animation" */ = {
			isa = XCConfigurationList;
			buildConfigurations = (
				57788B1F1C1B14170087C467 /* Debug */,
				57788B201C1B14170087C467 /* Release */,
			);
			defaultConfigurationIsVisible = 0;
			defaultConfigurationName = Release;
		};
		57788B211C1B14170087C467 /* Build configuration list for PBXNativeTarget "iOS_SN_Animation" */ = {
			isa = XCConfigurationList;
			buildConfigurations = (
				57788B221C1B14170087C467 /* Debug */,
				57788B231C1B14170087C467 /* Release */,
			);
			defaultConfigurationIsVisible = 0;
		};
/* End XCConfigurationList section */
	};
	rootObject = 57788B021C1B14160087C467 /* Project object */;
}
